{
  "name": "cardgame",
  "lockfileVersion": 2,
  "requires": true,
  "packages": {
    "": {
      "dependencies": {
        "mithril": "^2.0.4"
      },
      "devDependencies": {
        "@types/mithril": "^2.0.6",
        "@types/node": "^14.14.31"
      }
    },
    "node_modules/@types/mithril": {
      "version": "2.0.6",
      "resolved": "https://registry.npmjs.org/@types/mithril/-/mithril-2.0.6.tgz",
      "integrity": "sha512-oOyFr99rKH+94uKHjIVKTL9uaUaxtXJgtZOZkjhWIAY8twr9YzxfEmYARMJkWC3aVg52We8d4wtLhqQ99+fXpw==",
      "dev": true
    },
    "node_modules/@types/node": {
      "version": "14.14.31",
      "resolved": "https://registry.npmjs.org/@types/node/-/node-14.14.31.tgz",
      "integrity": "sha512-vFHy/ezP5qI0rFgJ7aQnjDXwAMrG0KqqIH7tQG5PPv3BWBayOPIQNBjVc/P6hhdZfMx51REc6tfDNXHUio893g==",
      "dev": true
    },
    "node_modules/mithril": {
      "version": "2.0.4",
      "resolved": "https://registry.npmjs.org/mithril/-/mithril-2.0.4.tgz",
      "integrity": "sha512-mgw+DMZlhMS4PpprF6dl7ZoeZq5GGcAuWnrg5e12MvaGauc4jzWsDZtVGRCktsiQczOEUr2K5teKbE5k44RlOg==",
      "bin": {
        "ospec": "ospec/bin/ospec"
      }
    }
  },
  "dependencies": {
    "@types/mithril": {
      "version": "2.0.6",
      "resolved": "https://registry.npmjs.org/@types/mithril/-/mithril-2.0.6.tgz",
      "integrity": "sha512-oOyFr99rKH+94uKHjIVKTL9uaUaxtXJgtZOZkjhWIAY8twr9YzxfEmYARMJkWC3aVg52We8d4wtLhqQ99+fXpw==",
      "dev": true
    },
    "@types/node": {
      "version": "14.14.31",
      "resolved": "https://registry.npmjs.org/@types/node/-/node-14.14.31.tgz",
      "integrity": "sha512-vFHy/ezP5qI0rFgJ7aQnjDXwAMrG0KqqIH7tQG5PPv3BWBayOPIQNBjVc/P6hhdZfMx51REc6tfDNXHUio893g==",
      "dev": true
    },
    "mithril": {
      "version": "2.0.4",
      "resolved": "https://registry.npmjs.org/mithril/-/mithril-2.0.4.tgz",
      "integrity": "sha512-mgw+DMZlhMS4PpprF6dl7ZoeZq5GGcAuWnrg5e12MvaGauc4jzWsDZtVGRCktsiQczOEUr2K5teKbE5k44RlOg=="
    }
  }
}
